
Microsoft Visual Studio Solution File, Format Version 12.00
# Visual Studio Version 17
VisualStudioVersion = 17.5.33530.505
MinimumVisualStudioVersion = 10.0.40219.1
Project("{FAE04EC0-301F-11D3-BF4B-00C04F79EFBC}") = "ViktorApp", "ViktorApp\ViktorApp.csproj", "{DD95A097-F469-450C-8980-F2CF0A2AE9BA}"
EndProject
Global
	GlobalSection(SolutionConfigurationPlatforms) = preSolution
		Debug|Any CPU = Debug|Any CPU
		Release|Any CPU = Release|Any CPU
	EndGlobalSection
	GlobalSection(ProjectConfigurationPlatforms) = postSolution
		{DD95A097-F469-450C-8980-F2CF0A2AE9BA}.Debug|Any CPU.ActiveCfg = Debug|Any CPU
		{DD95A097-F469-450C-8980-F2CF0A2AE9BA}.Debug|Any CPU.Build.0 = Debug|Any CPU
		{DD95A097-F469-450C-8980-F2CF0A2AE9BA}.Debug|Any CPU.Deploy.0 = Debug|Any CPU
		{DD95A097-F469-450C-8980-F2CF0A2AE9BA}.Release|Any CPU.ActiveCfg = Release|Any CPU
		{DD95A097-F469-450C-8980-F2CF0A2AE9BA}.Release|Any CPU.Build.0 = Release|Any CPU
		{DD95A097-F469-450C-8980-F2CF0A2AE9BA}.Release|Any CPU.Deploy.0 = Release|Any CPU
	EndGlobalSection
	GlobalSection(SolutionProperties) = preSolution
		HideSolutionNode = FALSE
	EndGlobalSection
	GlobalSection(ExtensibilityGlobals) = postSolution
		SolutionGuid = {DB04926A-8C17-4D4A-A77D-EB66E71A13B5}
	EndGlobalSection
EndGlobal
